{
  "lockfileVersion": 1,
  "configVersion": 1,
  "workspaces": {
    "": {
      "name": "biset",
      "dependencies": {
        "@noble/ciphers": "^2.2.0",
        "@noble/curves": "^2.2.0",
        "@noble/hashes": "^2.2.0",
        "@scure/bip32": "^2.2.0",
        "@scure/bip39": "^2.2.0",
        "bittorrent-dht": "^11.0.12",
        "hash-wasm": "^4.12.0",
        "jmap-jam": "^0.13.1",
        "openpgp": "^6.3.1",
      },
      "devDependencies": {
        "@types/bun": "^1.3.14",
        "@types/wicg-file-system-access": "^2023.10.7",
        "didcomm-node": "^0.4.1",
        "typescript": "^5.9.3",
      },
    },
  },
  "packages": {
    "@noble/ciphers": ["@noble/ciphers@2.2.0", "", {}, "sha512-Z6pjIZ/8IJcCGzb2S/0Px5J81yij85xASuk1teLNeg75bfT07MV3a/O2Mtn1I2se43k3lkVEcFaR10N4cgQcZA=="],

    "@noble/curves": ["@noble/curves@2.2.0", "", { "dependencies": { "@noble/hashes": "2.2.0" } }, "sha512-T/BoHgFXirb0ENSPBquzX0rcjXeM6Lo892a2jlYJkqk83LqZx0l1Of7DzlKJ6jkpvMrkHSnAcgb5JegL8SeIkQ=="],

    "@noble/hashes": ["@noble/hashes@2.2.0", "", {}, "sha512-IYqDGiTXab6FniAgnSdZwgWbomxpy9FtYvLKs7wCUs2a8RkITG+DFGO1DM9cr+E3/RgADRpFjrKVaJ1z6sjtEg=="],

    "@scure/base": ["@scure/base@2.2.0", "", {}, "sha512-b8XEupJibegiXV+tDUseI8oLQc8ei3d/4Jkb2RpbHh3MfE054ov3uIz2dhFkB3FI8iwYkEh0gGCApkrYggkPNg=="],

    "@scure/bip32": ["@scure/bip32@2.2.0", "", { "dependencies": { "@noble/curves": "2.2.0", "@noble/hashes": "2.2.0", "@scure/base": "2.2.0" } }, "sha512-zFr7t2F+a9+5tB7QbarF2HQNYrgjCNaoLAupZdKkrFMYMozJf5zqH2WJCQibMzm1qQ0QogrxVGO3qXfQDYMaQg=="],

    "@scure/bip39": ["@scure/bip39@2.2.0", "", { "dependencies": { "@noble/hashes": "2.2.0", "@scure/base": "2.2.0" } }, "sha512-T/Bj/YvYMNkIPq6EENO6/rcs2e7qTNuyoUXf0KBFDmp0ZDu0H2X4Lq6yC3i0c8PcWkov5EbW+yQZZbdMmk154A=="],

    "@types/bun": ["@types/bun@1.3.14", "", { "dependencies": { "bun-types": "1.3.14" } }, "sha512-h1hFqFVcvAvD9j9K7ZW7vd82aSA+rTdznZa+5bwvCwqSB1jmmfLcbIWhOLx1/+boy/xmjgCs/OMUL8hRJSmnPw=="],

    "@types/node": ["@types/node@26.1.1", "", { "dependencies": { "undici-types": "~8.3.0" } }, "sha512-nxAkRSVkN1Y0JC1W8ky/fTfkGsMmcrRsbx+3XoZE+rMOX71kLYTV7fLXpqud1GpbpP5TuffXFqfX7fH2GgZREw=="],

    "@types/wicg-file-system-access": ["@types/wicg-file-system-access@2023.10.7", "", {}, "sha512-g49ijasEJvCd7ifmAY2D0wdEtt1xRjBbA33PJTiv8mKBr7DoMsPeISoJ8oQOTopSRi+FBWPpPW5ouDj2QPKtGA=="],

    "b4a": ["b4a@1.8.1", "", { "peerDependencies": { "react-native-b4a": "*" }, "optionalPeers": ["react-native-b4a"] }, "sha512-aiqre1Nr0B/6DgE2N5vwTc+2/oQZ4Wh1t4NznYY4E00y8LCt6NqdRv81so00oo27D8MVKTpUa/MwUUtBLXCoDw=="],

    "base64-arraybuffer": ["base64-arraybuffer@1.0.2", "", {}, "sha512-I3yl4r9QB5ZRY3XuJVEPfc2XhZO6YweFPI+UovAzn+8/hb3oJ6lnysaFcjVpkCPfVWFUDvoZ8kmVDP7WyRtYtQ=="],

    "bencode": ["bencode@4.0.1", "", { "dependencies": { "uint8-util": "^2.2.2" } }, "sha512-/bCR3FvgfB8AZk4LlowShU+nfaTNRM2vruJ9aejDa5LpgkCoRjFyEauFiZFxbpxVxQbBFapYCN42Er2dkE/Qgw=="],

    "bittorrent-dht": ["bittorrent-dht@11.0.12", "", { "dependencies": { "bencode": "^4.0.1", "debug": "^4.4.3", "k-bucket": "^5.1.0", "k-rpc": "^5.1.0", "last-one-wins": "^1.0.4", "lru": "^3.1.0", "randombytes": "^2.1.0", "record-cache": "^1.2.0" } }, "sha512-bFmQq874HMIBon/6KNMf/U1OG+UxJ0UzI9oPra2IRlZLuPA7VwBiA7uEpWaO2ww8G76OFjxB1p1XCOS94FuCPQ=="],

    "bun-types": ["bun-types@1.3.14", "", { "dependencies": { "@types/node": "*" } }, "sha512-4N0ig0fEomHt5R0KCFWjovxow98rIoRwKolrYdCcknNwMekCXRnWEUvgu5soYV8QXtVsrUD8B95MBOZGPvr6KQ=="],

    "chrome-dgram": ["chrome-dgram@3.0.6", "", { "dependencies": { "inherits": "^2.0.4", "run-series": "^1.1.9" } }, "sha512-bqBsUuaOiXiqxXt/zA/jukNJJ4oaOtc7ciwqJpZVEaaXwwxqgI2/ZdG02vXYWUhHGziDlvGMQWk0qObgJwVYKA=="],

    "chrome-dns": ["chrome-dns@1.0.1", "", { "dependencies": { "chrome-net": "^3.3.2" } }, "sha512-HqsYJgIc8ljJJOqOzLphjAs79EUuWSX3nzZi2LNkzlw3GIzAeZbaSektC8iT/tKvLqZq8yl1GJu5o6doA4TRbg=="],

    "chrome-net": ["chrome-net@3.3.4", "", { "dependencies": { "inherits": "^2.0.1" } }, "sha512-Jzy2EnzmE+ligqIZUsmWnck9RBXLuUy6CaKyuNMtowFG3ZvLt8d+WBJCTPEludV0DHpIKjAOlwjFmTaEdfdWCw=="],

    "debug": ["debug@4.4.3", "", { "dependencies": { "ms": "^2.1.3" }, "peerDependencies": { "supports-color": "*" }, "optionalPeers": ["supports-color"] }, "sha512-RGwwWnwQvkVfavKVt22FGLw+xYSdzARwm0ru6DhTVA3umU5hZc28V3kO4stgYryrTlLpuvgI9GiijltAjNbcqA=="],

    "didcomm-node": ["didcomm-node@0.4.1", "", {}, "sha512-5vR2T6AyFhw20LI3Hu7Xps1nYimpooEIbefweIAsZ964p8sSnWW07qulvnRwd1fMihtUaAK+DlwGkR4jZIf6Mg=="],

    "hash-wasm": ["hash-wasm@4.12.0", "", {}, "sha512-+/2B2rYLb48I/evdOIhP+K/DD2ca2fgBjp6O+GBEnCDk2e4rpeXIK8GvIyRPjTezgmWn9gmKwkQjjx6BtqDHVQ=="],

    "inherits": ["inherits@2.0.4", "", {}, "sha512-k/vGaX4/Yla3WzyMCvTQOXYeIHvqOKtnqBduzTHpzpQZzAskKMhZ2K+EnBiSM9zGSoIFeMpXKxa4dYeZIQqewQ=="],

    "jmap-jam": ["jmap-jam@0.13.2", "", { "dependencies": { "jmap-rfc-types": "0.1.3", "type-fest": "5" } }, "sha512-V1KFMUyMlW+R4trBKMHRXKfYqDa6x9uAUFrel5RqQim3e/z8LGNUf7kxhCI3Gi+DixbBg51JURkMOJ/vfg6VJg=="],

    "jmap-rfc-types": ["jmap-rfc-types@0.1.3", "", { "dependencies": { "type-fest": "5" } }, "sha512-J31pQ6eYtqgX38GU8qYA6XjJ5xfkUrYTaqWwKO2lH4XH+FLAWXXRH9iOx5Doo5in9Ph5I+yMbrJpI59ExTUT+g=="],

    "k-bucket": ["k-bucket@5.1.0", "", { "dependencies": { "randombytes": "^2.1.0" } }, "sha512-Fac7iINEovXIWU20GPnOMLUbjctiS+cnmyjC4zAUgvs3XPf1vo9akfCHkigftSic/jiKqKl+KA3a/vFcJbHyCg=="],

    "k-rpc": ["k-rpc@5.1.0", "", { "dependencies": { "k-bucket": "^5.0.0", "k-rpc-socket": "^1.7.2", "randombytes": "^2.0.5" } }, "sha512-FGc+n70Hcjoa/X2JTwP+jMIOpBz+pkRffHnSl9yrYiwUxg3FIgD50+u1ePfJUOnRCnx6pbjmVk5aAeB1wIijuQ=="],

    "k-rpc-socket": ["k-rpc-socket@1.11.1", "", { "dependencies": { "bencode": "^2.0.0", "chrome-dgram": "^3.0.2", "chrome-dns": "^1.0.0", "chrome-net": "^3.3.2" } }, "sha512-8xtA8oqbZ6v1Niryp2/g4GxW16EQh5MvrUylQoOG+zcrDff5CKttON2XUXvMwlIHq4/2zfPVFiinAccJ+WhxoA=="],

    "last-one-wins": ["last-one-wins@1.0.4", "", {}, "sha512-t+KLJFkHPQk8lfN6WBOiGkiUXoub+gnb2XTYI2P3aiISL+94xgZ1vgz1SXN/N4hthuOoLXarXfBZPUruyjQtfA=="],

    "lru": ["lru@3.1.0", "", { "dependencies": { "inherits": "^2.0.1" } }, "sha512-5OUtoiVIGU4VXBOshidmtOsvBIvcQR6FD/RzWSvaeHyxCGB+PCUCu+52lqMfdc0h/2CLvHhZS4TwUmMQrrMbBQ=="],

    "ms": ["ms@2.1.3", "", {}, "sha512-6FlzubTLZG3J2a/NVCAleEhjzq5oxgHyaCU9yYXvcLsvoVaHJq/s5xXI6/XXP6tz7R9xAOtHnSO/tXtF3WRTlA=="],

    "openpgp": ["openpgp@6.3.1", "", { "peerDependencies": { "@openpgp/web-stream-tools": "~0.3.0" }, "optionalPeers": ["@openpgp/web-stream-tools"] }, "sha512-7oSPvmlKPojxFoyelT5DWPIAVmqWZh4qU/5pO6bdoShEtRpCw9Sye9IXUQj6EFM3XpgGssqccAr705YtTcLNQw=="],

    "randombytes": ["randombytes@2.1.0", "", { "dependencies": { "safe-buffer": "^5.1.0" } }, "sha512-vYl3iOX+4CKUWuxGi9Ukhie6fsqXqS9FE2Zaic4tNFD2N2QQaXOMFbuKK4QmDHC0JO6B1Zp41J0LpT0oR68amQ=="],

    "record-cache": ["record-cache@1.2.0", "", { "dependencies": { "b4a": "^1.3.1" } }, "sha512-kyy3HWCez2WrotaL3O4fTn0rsIdfRKOdQQcEJ9KpvmKmbffKVvwsloX063EgRUlpJIXHiDQFhJcTbZequ2uTZw=="],

    "run-series": ["run-series@1.1.9", "", {}, "sha512-Arc4hUN896vjkqCYrUXquBFtRZdv1PfLbTYP71efP6butxyQ0kWpiNJyAgsxscmQg1cqvHY32/UCBzXedTpU2g=="],

    "safe-buffer": ["safe-buffer@5.2.1", "", {}, "sha512-rp3So07KcdmmKbGvgaNxQSJr7bGVSVk5S9Eq1F+ppbRo70+YeaDxkw5Dd8NPN+GD6bjnYm2VuPuCXmpuYvmCXQ=="],

    "tagged-tag": ["tagged-tag@1.0.0", "", {}, "sha512-yEFYrVhod+hdNyx7g5Bnkkb0G6si8HJurOoOEgC8B/O0uXLHlaey/65KRv6cuWBNhBgHKAROVpc7QyYqE5gFng=="],

    "type-fest": ["type-fest@5.7.0", "", { "dependencies": { "tagged-tag": "^1.0.0" } }, "sha512-1URUxUqfHFM1c+zfSPsa3gnkO7Aq21qyH75SIduNYz4SzY964rn1X2vCMQaHSHhktiw+0kPa2iyb6PUpXqB6Vg=="],

    "typescript": ["typescript@5.9.3", "", { "bin": { "tsc": "bin/tsc", "tsserver": "bin/tsserver" } }, "sha512-jl1vZzPDinLr9eUt3J/t7V6FgNEw9QjvBPdysz9KfQDD41fQrC2Y4vKQdiaUpFT4bXlb1RHhLpp8wtm6M5TgSw=="],

    "uint8-util": ["uint8-util@2.2.6", "", { "dependencies": { "base64-arraybuffer": "^1.0.2" } }, "sha512-r+ZjS8CzPhtPF771ROOadUoqC40OVdiMKBI8lTfJQWb4W7+73sMBwMYmai/uvNcmZ7tBJJyZSad03yMWIt3RQg=="],

    "undici-types": ["undici-types@8.3.0", "", {}, "sha512-j375ScV60dom+YkPFIfTLcOiPxkN/buHz5GobjLhixFuANaNs3C9l4GmrWqejgXWJ7BbJcFYpTEUkS1Ge8bpZQ=="],

    "k-rpc-socket/bencode": ["bencode@2.0.3", "", {}, "sha512-D/vrAD4dLVX23NalHwb8dSvsUsxeRPO8Y7ToKA015JQYq69MLDOMkC0uGZYA/MPpltLO8rt8eqFC2j8DxjTZ/w=="],
  }
}
