{
  "lockfileVersion": 1,
  "configVersion": 1,
  "workspaces": {
    "": {
      "name": "biset",
      "dependencies": {
        "hash-wasm": "^4.12.0",
        "jmap-jam": "^0.13.1",
        "openpgp": "^6.3.1",
      },
      "devDependencies": {
        "@types/wicg-file-system-access": "^2023.10.7",
        "typescript": "^5.9.3",
      },
    },
  },
  "packages": {
    "@types/wicg-file-system-access": ["@types/wicg-file-system-access@2023.10.7", "", {}, "sha512-g49ijasEJvCd7ifmAY2D0wdEtt1xRjBbA33PJTiv8mKBr7DoMsPeISoJ8oQOTopSRi+FBWPpPW5ouDj2QPKtGA=="],

    "hash-wasm": ["hash-wasm@4.12.0", "", {}, "sha512-+/2B2rYLb48I/evdOIhP+K/DD2ca2fgBjp6O+GBEnCDk2e4rpeXIK8GvIyRPjTezgmWn9gmKwkQjjx6BtqDHVQ=="],

    "jmap-jam": ["jmap-jam@0.13.2", "", { "dependencies": { "jmap-rfc-types": "0.1.3", "type-fest": "5" } }, "sha512-V1KFMUyMlW+R4trBKMHRXKfYqDa6x9uAUFrel5RqQim3e/z8LGNUf7kxhCI3Gi+DixbBg51JURkMOJ/vfg6VJg=="],

    "jmap-rfc-types": ["jmap-rfc-types@0.1.3", "", { "dependencies": { "type-fest": "5" } }, "sha512-J31pQ6eYtqgX38GU8qYA6XjJ5xfkUrYTaqWwKO2lH4XH+FLAWXXRH9iOx5Doo5in9Ph5I+yMbrJpI59ExTUT+g=="],

    "openpgp": ["openpgp@6.3.1", "", { "peerDependencies": { "@openpgp/web-stream-tools": "~0.3.0" }, "optionalPeers": ["@openpgp/web-stream-tools"] }, "sha512-7oSPvmlKPojxFoyelT5DWPIAVmqWZh4qU/5pO6bdoShEtRpCw9Sye9IXUQj6EFM3XpgGssqccAr705YtTcLNQw=="],

    "tagged-tag": ["tagged-tag@1.0.0", "", {}, "sha512-yEFYrVhod+hdNyx7g5Bnkkb0G6si8HJurOoOEgC8B/O0uXLHlaey/65KRv6cuWBNhBgHKAROVpc7QyYqE5gFng=="],

    "type-fest": ["type-fest@5.7.0", "", { "dependencies": { "tagged-tag": "^1.0.0" } }, "sha512-1URUxUqfHFM1c+zfSPsa3gnkO7Aq21qyH75SIduNYz4SzY964rn1X2vCMQaHSHhktiw+0kPa2iyb6PUpXqB6Vg=="],

    "typescript": ["typescript@5.9.3", "", { "bin": { "tsc": "bin/tsc", "tsserver": "bin/tsserver" } }, "sha512-jl1vZzPDinLr9eUt3J/t7V6FgNEw9QjvBPdysz9KfQDD41fQrC2Y4vKQdiaUpFT4bXlb1RHhLpp8wtm6M5TgSw=="],
  }
}
